
Microsoft Visual Studio Solution File, Format Version 11.00
# Visual Studio 2010
Project("{FAE04EC0-301F-11D3-BF4B-00C04F79EFBC}") = "NoteToMe", "NoteToMe\NoteToMe.csproj", "{83c086cd-6211-48a4-a6db-6438e474a54d}"
EndProject
Global
	GlobalSection(SolutionConfigurationPlatforms) = preSolution
		Debug|Any CPU = Debug|Any CPU
		Release|Any CPU = Release|Any CPU
	EndGlobalSection
	GlobalSection(ProjectConfigurationPlatforms) = postSolution
		{83C086CD-6211-48A4-A6DB-6438E474A54D}.Debug|Any CPU.ActiveCfg = Debug|Any CPU
		{83C086CD-6211-48A4-A6DB-6438E474A54D}.Debug|Any CPU.Build.0 = Debug|Any CPU
		{83C086CD-6211-48A4-A6DB-6438E474A54D}.Debug|Any CPU.Deploy.0 = Debug|Any CPU
		{83C086CD-6211-48A4-A6DB-6438E474A54D}.Release|Any CPU.ActiveCfg = Release|Any CPU
		{83C086CD-6211-48A4-A6DB-6438E474A54D}.Release|Any CPU.Build.0 = Release|Any CPU
		{83C086CD-6211-48A4-A6DB-6438E474A54D}.Release|Any CPU.Deploy.0 = Release|Any CPU
	EndGlobalSection
EndGlobal
